
Microsoft Visual Studio Solution File, Format Version 12.00
# Visual Studio Version 16
VisualStudioVersion = 16.0.30309.148
MinimumVisualStudioVersion = 10.0.40219.1
Project("{FAE04EC0-301F-11D3-BF4B-00C04F79EFBC}") = "EmployeeManagementSystem", "EmployeeManagementSystem\EmployeeManagementSystem.csproj", "{BE08D81C-18FA-490B-A3ED-964C3025233D}"
EndProject
Global
	GlobalSection(SolutionConfigurationPlatforms) = preSolution
		Debug|Any CPU = Debug|Any CPU
		Release|Any CPU = Release|Any CPU
	EndGlobalSection
	GlobalSection(ProjectConfigurationPlatforms) = postSolution
		{BE08D81C-18FA-490B-A3ED-964C3025233D}.Debug|Any CPU.ActiveCfg = Debug|Any CPU
		{BE08D81C-18FA-490B-A3ED-964C3025233D}.Debug|Any CPU.Build.0 = Debug|Any CPU
		{BE08D81C-18FA-490B-A3ED-964C3025233D}.Release|Any CPU.ActiveCfg = Release|Any CPU
		{BE08D81C-18FA-490B-A3ED-964C3025233D}.Release|Any CPU.Build.0 = Release|Any CPU
	EndGlobalSection
	GlobalSection(SolutionProperties) = preSolution
		HideSolutionNode = FALSE
	EndGlobalSection
	GlobalSection(ExtensibilityGlobals) = postSolution
		SolutionGuid = {B4FA9059-39D6-4887-A4E8-78111C591E59}
	EndGlobalSection
EndGlobal
